lockfileVersion: 5.4

specifiers:
  '@cloudflare/workers-types': ^3.8.0
  '@trpc/server': 10.0.0-alpha.22
  esbuild: ^0.14.46
  vitest: ^0.15.1
  wrangler: ^2.0.3
  zod: ^3.17.3

dependencies:
  '@trpc/server': 10.0.0-alpha.22
  zod: 3.17.3

devDependencies:
  '@cloudflare/workers-types': 3.13.0
  esbuild: 0.14.47
  vitest: 0.15.2
  wrangler: 2.0.15

packages:

  /@cloudflare/kv-asset-handler/0.2.0:
    resolution: {integrity: sha512-MVbXLbTcAotOPUj0pAMhVtJ+3/kFkwJqc5qNOleOZTv6QkZZABDMS21dSrSlVswEHwrpWC03e4fWytjqKvuE2A==}
    dependencies:
      mime: 3.0.0
    dev: true

  /@cloudflare/workers-types/3.13.0:
    resolution: {integrity: sha512-oyhzfYlWBLgd9odJ/WHcsD/8B+IaAjSD+OcPEGLzX5kGRONjwcW3NY0WQfsVIhQzZ6AbPzjwkmj4D2VFwU1xRQ==}
    dev: true

  /@esbuild-plugins/node-globals-polyfill/0.1.1_esbuild@0.14.34:
    resolution: {integrity: sha512-MR0oAA+mlnJWrt1RQVQ+4VYuRJW/P2YmRTv1AsplObyvuBMnPHiizUF95HHYiSsMGLhyGtWufaq2XQg6+iurBg==}
    peerDependencies:
      esbuild: '*'
    dependencies:
      esbuild: 0.14.34
    dev: true

  /@esbuild-plugins/node-modules-polyfill/0.1.4_esbuild@0.14.34:
    resolution: {integrity: sha512-uZbcXi0zbmKC/050p3gJnne5Qdzw8vkXIv+c2BW0Lsc1ji1SkrxbKPUy5Efr0blbTu1SL8w4eyfpnSdPg3G0Qg==}
    peerDependencies:
      esbuild: '*'
    dependencies:
      esbuild: 0.14.34
      escape-string-regexp: 4.0.0
      rollup-plugin-node-polyfills: 0.2.1
    dev: true

  /@iarna/toml/2.2.5:
    resolution: {integrity: sha512-trnsAYxU3xnS1gPHPyU961coFyLkh4gAD/0zQ5mymY4yOZ+CYvsPqUbOFSw0aDM4y0tV7tiFxL/1XfXPNC6IPg==}
    dev: true

  /@miniflare/cache/2.5.1:
    resolution: {integrity: sha512-qH5PC4zb7mHdQHlcaOuP0KUXuRbNSuB/HU7gpoeplV8J6CgNJGceVmQCZVZLycgDKZtAlhyGE1gkpJmeW7GCyw==}
    engines: {node: '>=16.7'}
    dependencies:
      '@miniflare/core': 2.5.1
      '@miniflare/shared': 2.5.1
      http-cache-semantics: 4.1.0
      undici: 5.5.1
    dev: true

  /@miniflare/cli-parser/2.5.1:
    resolution: {integrity: sha512-itlMDe9jwO806mkNkg3G70QYoG9YQHW6V10AF9L5b8J4LYt/V78uCEJSwNnCpL7zfKrScRPtDfXZxhrFzMXiUw==}
    engines: {node: '>=16.7'}
    dependencies:
      '@miniflare/shared': 2.5.1
      kleur: 4.1.5
    dev: true

  /@miniflare/core/2.5.1:
    resolution: {integrity: sha512-0oEBLV5AM3xxs6TS+7/fn4MSGNBfhUFVv41R8uc72H1a89+kBfRoz+xYI2RnJ3Yo+we66UgU3fXdG+R2KyESlQ==}
    engines: {node: '>=16.7'}
    dependencies:
      '@iarna/toml': 2.2.5
      '@miniflare/shared': 2.5.1
      '@miniflare/watcher': 2.5.1
      busboy: 1.6.0
      dotenv: 10.0.0
      kleur: 4.1.5
      set-cookie-parser: 2.5.0
      undici: 5.5.1
      urlpattern-polyfill: 4.0.3
    dev: true

  /@miniflare/durable-objects/2.5.1:
    resolution: {integrity: sha512-AZEGSA9LMA6vBzwADAzr81RBSWYlMfa/cDHnHaFL31w4mQwMUcqXOvemoqe6sTSq1KI0TTtvYbxPt0Lui8tEPw==}
    engines: {node: '>=16.7'}
    dependencies:
      '@miniflare/core': 2.5.1
      '@miniflare/shared': 2.5.1
      '@miniflare/storage-memory': 2.5.1
      undici: 5.5.1
    dev: true

  /@miniflare/html-rewriter/2.5.1:
    resolution: {integrity: sha512-fdO1qme8ukucejRz5yXJN/F4B9qEDRbBLPOEG94zwx8bHGGIo5VX15+J6oHubhjifLwzNuvOcg16Bu5dyR1KxQ==}
    engines: {node: '>=16.7'}
    dependencies:
      '@miniflare/core': 2.5.1
      '@miniflare/shared': 2.5.1
      html-rewriter-wasm: 0.4.1
      undici: 5.5.1
    dev: true

  /@miniflare/http-server/2.5.1:
    resolution: {integrity: sha512-K+VoBU0LN8/oku/JWLEyX8wrp9fiaTC8/dosbY/6VWizyIrgQze16uD21GnK5+NBtbCAtLRryS5dZ3PnhiTR1w==}
    engines: {node: '>=16.7'}
    dependencies:
      '@miniflare/core': 2.5.1
      '@miniflare/shared': 2.5.1
      '@miniflare/web-sockets': 2.5.1
      kleur: 4.1.5
      selfsigned: 2.0.1
      undici: 5.5.1
      ws: 8.8.0
      youch: 2.2.2
    transitivePeerDependencies:
      - bufferutil
      - utf-8-validate
    dev: true

  /@miniflare/kv/2.5.1:
    resolution: {integrity: sha512-ODTUqI7on3egHluBpFHifO0a9QFQUZscciASWKxGOt8VDp1vp0vIfU9ykQZrdZYFVeSKNVlUNqNQx+NMYZ6gIg==}
    engines: {node: '>=16.7'}
    dependencies:
      '@miniflare/shared': 2.5.1
    dev: true

  /@miniflare/runner-vm/2.5.1:
    resolution: {integrity: sha512-7U7BPgzaikwWkAMonlmyy4lDpW1H7mqHFr7NdK9kA6BbXZ2GY6uro69QsGw0c4Y/vyKBodKiqXAq53iGdM3Kug==}
    engines: {node: '>=16.7'}
    dependencies:
      '@miniflare/shared': 2.5.1
    dev: true

  /@miniflare/scheduler/2.5.1:
    resolution: {integrity: sha512-ybho5Kg3Cfl4E0JleKAbiv/RTA+/PVqH6Y/PuCH2oowSM7qeAvFkrwiRvxtN7BuAl+5lsGyVxFe4gL+weXohEw==}
    engines: {node: '>=16.7'}
    dependencies:
      '@miniflare/core': 2.5.1
      '@miniflare/shared': 2.5.1
      cron-schedule: 3.0.6
    dev: true

  /@miniflare/shared/2.5.1:
    resolution: {integrity: sha512-DObgqbFml3qetIBtZa8fNqkBqUH9XtI6rdrWtTYVrx0rzKsd5PDf6gdMoxy7v1rr9zBAipKJxrcBqlEgjPl53Q==}
    engines: {node: '>=16.7'}
    dependencies:
      ignore: 5.2.0
      kleur: 4.1.5
    dev: true

  /@miniflare/sites/2.5.1:
    resolution: {integrity: sha512-7V/fAzR50LYgMcOfoCaoppqBCjagBpGWFbZgMyJi/Hj4oVlSIzxo+424hzdjitNzikCpv+AryF9tXfy9j6qiOg==}
    engines: {node: '>=16.7'}
    dependencies:
      '@miniflare/kv': 2.5.1
      '@miniflare/shared': 2.5.1
      '@miniflare/storage-file': 2.5.1
    dev: true

  /@miniflare/storage-file/2.5.1:
    resolution: {integrity: sha512-o12KFXgc1M0nHD98mrA/IqwBsJ6KYLWH9NaTwqLhxhpGz/KSo5kWb7z/vrz2I/Rk2XR/gHSYQm2XR9XE6IJCdA==}
    engines: {node: '>=16.7'}
    dependencies:
      '@miniflare/shared': 2.5.1
      '@miniflare/storage-memory': 2.5.1
    dev: true

  /@miniflare/storage-memory/2.5.1:
    resolution: {integrity: sha512-LIdBEFcwY7yLCeowO34p5bajRsvU1XuQjXIqcgfiCVt1+qa3D0seELTpW1NSFEJzxulVtu/KsScEug9GipEt7A==}
    engines: {node: '>=16.7'}
    dependencies:
      '@miniflare/shared': 2.5.1
    dev: true

  /@miniflare/watcher/2.5.1:
    resolution: {integrity: sha512-8oOdgWA7CZ7uIAwbjqSrhDnuQXRJqd9e3yDHsMa91E/jkC/GDmlt5SJh6VEMlNDtBGWd661IpVErZf7injI52w==}
    engines: {node: '>=16.7'}
    dependencies:
      '@miniflare/shared': 2.5.1
    dev: true

  /@miniflare/web-sockets/2.5.1:
    resolution: {integrity: sha512-GyXHoDAI5LDF87rmD+d0cSoN7Xs2pCYjSyUR6Vf6exkS4CN6F/Rtr8vIM5+om9kRkS6qxAyOYjWeEqBOjLm/og==}
    engines: {node: '>=16.7'}
    dependencies:
      '@miniflare/core': 2.5.1
      '@miniflare/shared': 2.5.1
      undici: 5.5.1
      ws: 8.8.0
    transitivePeerDependencies:
      - bufferutil
      - utf-8-validate
    dev: true

  /@trpc/server/10.0.0-alpha.22:
    resolution: {integrity: sha512-Xo8/lTwQx6fX+DtrxmScVTSfW8AtMoG1/NUw0WbMqdQ+IWuNK7p69vsDKSga3i+5k6JHcxBdjzQgcPO/0iwR6A==}
    dependencies:
      tslib: 2.4.0
    dev: false

  /@types/chai-subset/1.3.3:
    resolution: {integrity: sha512-frBecisrNGz+F4T6bcc+NLeolfiojh5FxW2klu669+8BARtyQv2C/GkNW6FUodVe4BroGMP/wER/YDGc7rEllw==}
    dependencies:
      '@types/chai': 4.3.1
    dev: true

  /@types/chai/4.3.1:
    resolution: {integrity: sha512-/zPMqDkzSZ8t3VtxOa4KPq7uzzW978M9Tvh+j7GHKuo6k6GTLxPJ4J5gE5cjfJ26pnXst0N5Hax8Sr0T2Mi9zQ==}
    dev: true

  /@types/node/18.0.0:
    resolution: {integrity: sha512-cHlGmko4gWLVI27cGJntjs/Sj8th9aYwplmZFwmmgYQQvL5NUsgVJG7OddLvNfLqYS31KFN0s3qlaD9qCaxACA==}
    dev: true

  /@types/stack-trace/0.0.29:
    resolution: {integrity: sha512-TgfOX+mGY/NyNxJLIbDWrO9DjGoVSW9+aB8H2yy1fy32jsvxijhmyJI9fDFgvz3YP4lvJaq9DzdR/M1bOgVc9g==}
    dev: true

  /assertion-error/1.1.0:
    resolution: {integrity: sha512-jgsaNduz+ndvGyFt3uSuWqvy4lCnIJiovtouQN5JZHOKCS2QuhEdbcQHFhVksz2N2U9hXJo8odG7ETyWlEeuDw==}
    dev: true

  /blake3-wasm/2.1.5:
    resolution: {integrity: sha512-F1+K8EbfOZE49dtoPtmxUQrpXaBIl3ICvasLh+nJta0xkz+9kF/7uet9fLnwKqhDrmj6g+6K3Tw9yQPUg2ka5g==}
    dev: true

  /buffer-from/1.1.2:
    resolution: {integrity: sha512-E+XQCRwSbaaiChtv6k6Dwgc+bx+Bs6vuKJHHl5kox/BaKbhiXzqQOwK4cO22yElGp2OCmjwVhT3HmxgyPGnJfQ==}
    dev: true

  /busboy/1.6.0:
    resolution: {integrity: sha512-8SFQbg/0hQ9xy3UNTB0YEnsNBbWfhf7RtnzpL7TkBiTBRfrQ9Fxcnz7VJsleJpyp6rVLvXiuORqjlHi5q+PYuA==}
    engines: {node: '>=10.16.0'}
    dependencies:
      streamsearch: 1.1.0
    dev: true

  /chai/4.3.6:
    resolution: {integrity: sha512-bbcp3YfHCUzMOvKqsztczerVgBKSsEijCySNlHHbX3VG1nskvqjz5Rfso1gGwD6w6oOV3eI60pKuMOV5MV7p3Q==}
    engines: {node: '>=4'}
    dependencies:
      assertion-error: 1.1.0
      check-error: 1.0.2
      deep-eql: 3.0.1
      get-func-name: 2.0.0
      loupe: 2.3.4
      pathval: 1.1.1
      type-detect: 4.0.8
    dev: true

  /check-error/1.0.2:
    resolution: {integrity: sha512-BrgHpW9NURQgzoNyjfq0Wu6VFO6D7IZEmJNdtgNqpzGG8RuNFHt2jQxWlAs4HMe119chBnv+34syEZtc6IhLtA==}
    dev: true

  /cookie/0.4.2:
    resolution: {integrity: sha512-aSWTXFzaKWkvHO1Ny/s+ePFpvKsPnjc551iI41v3ny/ow6tBG5Vd+FuqGNhh1LxOmVzOlGUriIlOaokOvhaStA==}
    engines: {node: '>= 0.6'}
    dev: true

  /cron-schedule/3.0.6:
    resolution: {integrity: sha512-izfGgKyzzIyLaeb1EtZ3KbglkS6AKp9cv7LxmiyoOu+fXfol1tQDC0Cof0enVZGNtudTHW+3lfuW9ZkLQss4Wg==}
    dev: true

  /debug/4.3.4:
    resolution: {integrity: sha512-PRWFHuSU3eDtQJPvnNY7Jcket1j0t5OuOsFzPPzsekD52Zl8qUfFIPEiswXqIvHWGVHOgX+7G/vCNNhehwxfkQ==}
    engines: {node: '>=6.0'}
    peerDependencies:
      supports-color: '*'
    peerDependenciesMeta:
      supports-color:
        optional: true
    dependencies:
      ms: 2.1.2
    dev: true

  /deep-eql/3.0.1:
    resolution: {integrity: sha512-+QeIQyN5ZuO+3Uk5DYh6/1eKO0m0YmJFGNmFHGACpf1ClL1nmlV/p4gNgbl2pJGxgXb4faqo6UE+M5ACEMyVcw==}
    engines: {node: '>=0.12'}
    dependencies:
      type-detect: 4.0.8
    dev: true

  /dotenv/10.0.0:
    resolution: {integrity: sha512-rlBi9d8jpv9Sf1klPjNfFAuWDjKLwTIJJ/VxtoTwIR6hnZxcEOQCZg2oIL3MWBYw5GpUDKOEnND7LXTbIpQ03Q==}
    engines: {node: '>=10'}
    dev: true

  /esbuild-android-64/0.14.34:
    resolution: {integrity: sha512-XfxcfJqmMYsT/LXqrptzFxmaR3GWzXHDLdFNIhm6S00zPaQF1TBBWm+9t0RZ6LRR7iwH57DPjaOeW20vMqI4Yw==}
    engines: {node: '>=12'}
    cpu: [x64]
    os: [android]
    requiresBuild: true
    dev: true
    optional: true

  /esbuild-android-64/0.14.47:
    resolution: {integrity: sha512-R13Bd9+tqLVFndncMHssZrPWe6/0Kpv2/dt4aA69soX4PRxlzsVpCvoJeFE8sOEoeVEiBkI0myjlkDodXlHa0g==}
    engines: {node: '>=12'}
    cpu: [x64]
    os: [android]
    requiresBuild: true
    dev: true
    optional: true

  /esbuild-android-arm64/0.14.34:
    resolution: {integrity: sha512-T02+NXTmSRL1Mc6puz+R9CB54rSPICkXKq6+tw8B6vxZFnCPzbJxgwIX4kcluz9p8nYBjF3+lSilTGWb7+Xgew==}
    engines: {node: '>=12'}
    cpu: [arm64]
    os: [android]
    requiresBuild: true
    dev: true
    optional: true

  /esbuild-android-arm64/0.14.47:
    resolution: {integrity: sha512-OkwOjj7ts4lBp/TL6hdd8HftIzOy/pdtbrNA4+0oVWgGG64HrdVzAF5gxtJufAPOsEjkyh1oIYvKAUinKKQRSQ==}
    engines: {node: '>=12'}
    cpu: [arm64]
    os: [android]
    requiresBuild: true
    dev: true
    optional: true

  /esbuild-darwin-64/0.14.34:
    resolution: {integrity: sha512-pLRip2Bh4Ng7Bf6AMgCrSp3pPe/qZyf11h5Qo2mOfJqLWzSVjxrXW+CFRJfrOVP7TCnh/gmZSM2AFdCPB72vtw==}
    engines: {node: '>=12'}
    cpu: [x64]
    os: [darwin]
    requiresBuild: true
    dev: true
    optional: true

  /esbuild-darwin-64/0.14.47:
    resolution: {integrity: sha512-R6oaW0y5/u6Eccti/TS6c/2c1xYTb1izwK3gajJwi4vIfNs1s8B1dQzI1UiC9T61YovOQVuePDcfqHLT3mUZJA==}
    engines: {node: '>=12'}
    cpu: [x64]
    os: [darwin]
    requiresBuild: true
    dev: true
    optional: true

  /esbuild-darwin-arm64/0.14.34:
    resolution: {integrity: sha512-vpidSJEBxx6lf1NWgXC+DCmGqesJuZ5Y8aQVVsaoO4i8tRXbXb0whChRvop/zd3nfNM4dIl5EXAky0knRX5I6w==}
    engines: {node: '>=12'}
    cpu: [arm64]
    os: [darwin]
    requiresBuild: true
    dev: true
    optional: true

  /esbuild-darwin-arm64/0.14.47:
    resolution: {integrity: sha512-seCmearlQyvdvM/noz1L9+qblC5vcBrhUaOoLEDDoLInF/VQ9IkobGiLlyTPYP5dW1YD4LXhtBgOyevoIHGGnw==}
    engines: {node: '>=12'}
    cpu: [arm64]
    os: [darwin]
    requiresBuild: true
    dev: true
    optional: true

  /esbuild-freebsd-64/0.14.34:
    resolution: {integrity: sha512-m0HBjePhe0hAQJgtMRMNV9kMgIyV4/qSnzPx42kRMQBcPhgjAq1JRu4Il26czC+9FgpMbFkUktb07f/Lwnc6CA==}
    engines: {node: '>=12'}
    cpu: [x64]
    os: [freebsd]
    requiresBuild: true
    dev: true
    optional: true

  /esbuild-freebsd-64/0.14.47:
    resolution: {integrity: sha512-ZH8K2Q8/Ux5kXXvQMDsJcxvkIwut69KVrYQhza/ptkW50DC089bCVrJZZ3sKzIoOx+YPTrmsZvqeZERjyYrlvQ==}
    engines: {node: '>=12'}
    cpu: [x64]
    os: [freebsd]
    requiresBuild: true
    dev: true
    optional: true

  /esbuild-freebsd-arm64/0.14.34:
    resolution: {integrity: sha512-cpRc2B94L1KvMPPYB4D6G39jLqpKlD3noAMY4/e86iXXXkhUYJJEtTuyNFTa9JRpWM0xCAp4mxjHjoIiLuoCLA==}
    engines: {node: '>=12'}
    cpu: [arm64]
    os: [freebsd]
    requiresBuild: true
    dev: true
    optional: true

  /esbuild-freebsd-arm64/0.14.47:
    resolution: {integrity: sha512-ZJMQAJQsIOhn3XTm7MPQfCzEu5b9STNC+s90zMWe2afy9EwnHV7Ov7ohEMv2lyWlc2pjqLW8QJnz2r0KZmeAEQ==}
    engines: {node: '>=12'}
    cpu: [arm64]
    os: [freebsd]
    requiresBuild: true
    dev: true
    optional: true

  /esbuild-linux-32/0.14.34:
    resolution: {integrity: sha512-8nQaEaoW7MH/K/RlozJa+lE1ejHIr8fuPIHhc513UebRav7HtXgQvxHQ6VZRUkWtep23M6dd7UqhwO1tMOfzQQ==}
    engines: {node: '>=12'}
    cpu: [ia32]
    os: [linux]
    requiresBuild: true
    dev: true
    optional: true

  /esbuild-linux-32/0.14.47:
    resolution: {integrity: sha512-FxZOCKoEDPRYvq300lsWCTv1kcHgiiZfNrPtEhFAiqD7QZaXrad8LxyJ8fXGcWzIFzRiYZVtB3ttvITBvAFhKw==}
    engines: {node: '>=12'}
    cpu: [ia32]
    os: [linux]
    requiresBuild: true
    dev: true
    optional: true

  /esbuild-linux-64/0.14.34:
    resolution: {integrity: sha512-Y3of4qQoLLlAgf042MlrY1P+7PnN9zWj8nVtw9XQG5hcLOZLz7IKpU35oeu7n4wvyaZHwvQqDJ93gRLqdJekcQ==}
    engines: {node: '>=12'}
    cpu: [x64]
    os: [linux]
    requiresBuild: true
    dev: true
    optional: true

  /esbuild-linux-64/0.14.47:
    resolution: {integrity: sha512-nFNOk9vWVfvWYF9YNYksZptgQAdstnDCMtR6m42l5Wfugbzu11VpMCY9XrD4yFxvPo9zmzcoUL/88y0lfJZJJw==}
    engines: {node: '>=12'}
    cpu: [x64]
    os: [linux]
    requiresBuild: true
    dev: true
    optional: true

  /esbuild-linux-arm/0.14.34:
    resolution: {integrity: sha512-9lpq1NcJqssAF7alCO6zL3gvBVVt/lKw4oetUM7OgNnRX0OWpB+ZIO9FwCrSj/dMdmgDhPLf+119zB8QxSMmAg==}
    engines: {node: '>=12'}
    cpu: [arm]
    os: [linux]
    requiresBuild: true
    dev: true
    optional: true

  /esbuild-linux-arm/0.14.47:
    resolution: {integrity: sha512-ZGE1Bqg/gPRXrBpgpvH81tQHpiaGxa8c9Rx/XOylkIl2ypLuOcawXEAo8ls+5DFCcRGt/o3sV+PzpAFZobOsmA==}
    engines: {node: '>=12'}
    cpu: [arm]
    os: [linux]
    requiresBuild: true
    dev: true
    optional: true

  /esbuild-linux-arm64/0.14.34:
    resolution: {integrity: sha512-IlWaGtj9ir7+Nrume1DGcyzBDlK8GcnJq0ANKwcI9pVw8tqr+6GD0eqyF9SF1mR8UmAp+odrx1H5NdR2cHdFHA==}
    engines: {node: '>=12'}
    cpu: [arm64]
    os: [linux]
    requiresBuild: true
    dev: true
    optional: true

  /esbuild-linux-arm64/0.14.47:
    resolution: {integrity: sha512-ywfme6HVrhWcevzmsufjd4iT3PxTfCX9HOdxA7Hd+/ZM23Y9nXeb+vG6AyA6jgq/JovkcqRHcL9XwRNpWG6XRw==}
    engines: {node: '>=12'}
    cpu: [arm64]
    os: [linux]
    requiresBuild: true
    dev: true
    optional: true

  /esbuild-linux-mips64le/0.14.34:
    resolution: {integrity: sha512-k3or+01Rska1AjUyNjA4buEwB51eyN/xPQAoOx1CjzAQC3l8rpjUDw55kXyL63O/1MUi4ISvtNtl8gLwdyEcxw==}
    engines: {node: '>=12'}
    cpu: [mips64el]
    os: [linux]
    requiresBuild: true
    dev: true
    optional: true

  /esbuild-linux-mips64le/0.14.47:
    resolution: {integrity: sha512-mg3D8YndZ1LvUiEdDYR3OsmeyAew4MA/dvaEJxvyygahWmpv1SlEEnhEZlhPokjsUMfRagzsEF/d/2XF+kTQGg==}
    engines: {node: '>=12'}
    cpu: [mips64el]
    os: [linux]
    requiresBuild: true
    dev: true
    optional: true

  /esbuild-linux-ppc64le/0.14.34:
    resolution: {integrity: sha512-+qxb8M9FfM2CJaVU7GgYpJOHM1ngQOx+/VrtBjb4C8oVqaPcESCeg2anjl+HRZy8VpYc71q/iBYausPPbJ+Keg==}
    engines: {node: '>=12'}
    cpu: [ppc64]
    os: [linux]
    requiresBuild: true
    dev: true
    optional: true

  /esbuild-linux-ppc64le/0.14.47:
    resolution: {integrity: sha512-WER+f3+szmnZiWoK6AsrTKGoJoErG2LlauSmk73LEZFQ/iWC+KhhDsOkn1xBUpzXWsxN9THmQFltLoaFEH8F8w==}
    engines: {node: '>=12'}
    cpu: [ppc64]
    os: [linux]
    requiresBuild: true
    dev: true
    optional: true

  /esbuild-linux-riscv64/0.14.34:
    resolution: {integrity: sha512-Y717ltBdQ5j5sZIHdy1DV9kieo0wMip0dCmVSTceowCPYSn1Cg33Kd6981+F/3b9FDMzNWldZFOBRILViENZSA==}
    engines: {node: '>=12'}
    cpu: [riscv64]
    os: [linux]
    requiresBuild: true
    dev: true
    optional: true

  /esbuild-linux-riscv64/0.14.47:
    resolution: {integrity: sha512-1fI6bP3A3rvI9BsaaXbMoaOjLE3lVkJtLxsgLHqlBhLlBVY7UqffWBvkrX/9zfPhhVMd9ZRFiaqXnB1T7BsL2g==}
    engines: {node: '>=12'}
    cpu: [riscv64]
    os: [linux]
    requiresBuild: true
    dev: true
    optional: true

  /esbuild-linux-s390x/0.14.34:
    resolution: {integrity: sha512-bDDgYO4LhL4+zPs+WcBkXph+AQoPcQRTv18FzZS0WhjfH8TZx2QqlVPGhmhZ6WidrY+jKthUqO6UhGyIb4MpmA==}
    engines: {node: '>=12'}
    cpu: [s390x]
    os: [linux]
    requiresBuild: true
    dev: true
    optional: true

  /esbuild-linux-s390x/0.14.47:
    resolution: {integrity: sha512-eZrWzy0xFAhki1CWRGnhsHVz7IlSKX6yT2tj2Eg8lhAwlRE5E96Hsb0M1mPSE1dHGpt1QVwwVivXIAacF/G6mw==}
    engines: {node: '>=12'}
    cpu: [s390x]
    os: [linux]
    requiresBuild: true
    dev: true
    optional: true

  /esbuild-netbsd-64/0.14.34:
    resolution: {integrity: sha512-cfaFGXdRt0+vHsjNPyF0POM4BVSHPSbhLPe8mppDc7GDDxjIl08mV1Zou14oDWMp/XZMjYN1kWYRSfftiD0vvQ==}
    engines: {node: '>=12'}
    cpu: [x64]
    os: [netbsd]
    requiresBuild: true
    dev: true
    optional: true

  /esbuild-netbsd-64/0.14.47:
    resolution: {integrity: sha512-Qjdjr+KQQVH5Q2Q1r6HBYswFTToPpss3gqCiSw2Fpq/ua8+eXSQyAMG+UvULPqXceOwpnPo4smyZyHdlkcPppQ==}
    engines: {node: '>=12'}
    cpu: [x64]
    os: [netbsd]
    requiresBuild: true
    dev: true
    optional: true

  /esbuild-openbsd-64/0.14.34:
    resolution: {integrity: sha512-vmy9DxXVnRiI14s8GKuYBtess+EVcDALkbpTqd5jw4XITutIzyB7n4x0Tj5utAkKsgZJB22lLWGekr0ABnSLow==}
    engines: {node: '>=12'}
    cpu: [x64]
    os: [openbsd]
    requiresBuild: true
    dev: true
    optional: true

  /esbuild-openbsd-64/0.14.47:
    resolution: {integrity: sha512-QpgN8ofL7B9z8g5zZqJE+eFvD1LehRlxr25PBkjyyasakm4599iroUpaj96rdqRlO2ShuyqwJdr+oNqWwTUmQw==}
    engines: {node: '>=12'}
    cpu: [x64]
    os: [openbsd]
    requiresBuild: true
    dev: true
    optional: true

  /esbuild-sunos-64/0.14.34:
    resolution: {integrity: sha512-eNPVatNET1F7tRMhii7goL/eptfxc0ALRjrj9SPFNqp0zmxrehBFD6BaP3R4LjMn6DbMO0jOAnTLFKr8NqcJAA==}
    engines: {node: '>=12'}
    cpu: [x64]
    os: [sunos]
    requiresBuild: true
    dev: true
    optional: true

  /esbuild-sunos-64/0.14.47:
    resolution: {integrity: sha512-uOeSgLUwukLioAJOiGYm3kNl+1wJjgJA8R671GYgcPgCx7QR73zfvYqXFFcIO93/nBdIbt5hd8RItqbbf3HtAQ==}
    engines: {node: '>=12'}
    cpu: [x64]
    os: [sunos]
    requiresBuild: true
    dev: true
    optional: true

  /esbuild-windows-32/0.14.34:
    resolution: {integrity: sha512-EFhpXyHEcnqWYe2rAHFd8dRw8wkrd9U+9oqcyoEL84GbanAYjiiIjBZsnR8kl0sCQ5w6bLpk7vCEIA2VS32Vcg==}
    engines: {node: '>=12'}
    cpu: [ia32]
    os: [win32]
    requiresBuild: true
    dev: true
    optional: true

  /esbuild-windows-32/0.14.47:
    resolution: {integrity: sha512-H0fWsLTp2WBfKLBgwYT4OTfFly4Im/8B5f3ojDv1Kx//kiubVY0IQunP2Koc/fr/0wI7hj3IiBDbSrmKlrNgLQ==}
    engines: {node: '>=12'}
    cpu: [ia32]
    os: [win32]
    requiresBuild: true
    dev: true
    optional: true

  /esbuild-windows-64/0.14.34:
    resolution: {integrity: sha512-a8fbl8Ky7PxNEjf1aJmtxdDZj32/hC7S1OcA2ckEpCJRTjiKslI9vAdPpSjrKIWhws4Galpaawy0nB7fjHYf5Q==}
    engines: {node: '>=12'}
    cpu: [x64]
    os: [win32]
    requiresBuild: true
    dev: true
    optional: true

  /esbuild-windows-64/0.14.47:
    resolution: {integrity: sha512-/Pk5jIEH34T68r8PweKRi77W49KwanZ8X6lr3vDAtOlH5EumPE4pBHqkCUdELanvsT14yMXLQ/C/8XPi1pAtkQ==}
    engines: {node: '>=12'}
    cpu: [x64]
    os: [win32]
    requiresBuild: true
    dev: true
    optional: true

  /esbuild-windows-arm64/0.14.34:
    resolution: {integrity: sha512-EYvmKbSa2B3sPnpC28UEu9jBK5atGV4BaVRE7CYGUci2Hlz4AvtV/LML+TcDMT6gBgibnN2gcltWclab3UutMg==}
    engines: {node: '>=12'}
    cpu: [arm64]
    os: [win32]
    requiresBuild: true
    dev: true
    optional: true

  /esbuild-windows-arm64/0.14.47:
    resolution: {integrity: sha512-HFSW2lnp62fl86/qPQlqw6asIwCnEsEoNIL1h2uVMgakddf+vUuMcCbtUY1i8sst7KkgHrVKCJQB33YhhOweCQ==}
    engines: {node: '>=12'}
    cpu: [arm64]
    os: [win32]
    requiresBuild: true
    dev: true
    optional: true

  /esbuild/0.14.34:
    resolution: {integrity: sha512-QIWdPT/gFF6hCaf4m7kP0cJ+JIuFkdHibI7vVFvu3eJS1HpVmYHWDulyN5WXwbRA0SX/7ZDaJ/1DH8SdY9xOJg==}
    engines: {node: '>=12'}
    hasBin: true
    requiresBuild: true
    optionalDependencies:
      esbuild-android-64: 0.14.34
      esbuild-android-arm64: 0.14.34
      esbuild-darwin-64: 0.14.34
      esbuild-darwin-arm64: 0.14.34
      esbuild-freebsd-64: 0.14.34
      esbuild-freebsd-arm64: 0.14.34
      esbuild-linux-32: 0.14.34
      esbuild-linux-64: 0.14.34
      esbuild-linux-arm: 0.14.34
      esbuild-linux-arm64: 0.14.34
      esbuild-linux-mips64le: 0.14.34
      esbuild-linux-ppc64le: 0.14.34
      esbuild-linux-riscv64: 0.14.34
      esbuild-linux-s390x: 0.14.34
      esbuild-netbsd-64: 0.14.34
      esbuild-openbsd-64: 0.14.34
      esbuild-sunos-64: 0.14.34
      esbuild-windows-32: 0.14.34
      esbuild-windows-64: 0.14.34
      esbuild-windows-arm64: 0.14.34
    dev: true

  /esbuild/0.14.47:
    resolution: {integrity: sha512-wI4ZiIfFxpkuxB8ju4MHrGwGLyp1+awEHAHVpx6w7a+1pmYIq8T9FGEVVwFo0iFierDoMj++Xq69GXWYn2EiwA==}
    engines: {node: '>=12'}
    hasBin: true
    requiresBuild: true
    optionalDependencies:
      esbuild-android-64: 0.14.47
      esbuild-android-arm64: 0.14.47
      esbuild-darwin-64: 0.14.47
      esbuild-darwin-arm64: 0.14.47
      esbuild-freebsd-64: 0.14.47
      esbuild-freebsd-arm64: 0.14.47
      esbuild-linux-32: 0.14.47
      esbuild-linux-64: 0.14.47
      esbuild-linux-arm: 0.14.47
      esbuild-linux-arm64: 0.14.47
      esbuild-linux-mips64le: 0.14.47
      esbuild-linux-ppc64le: 0.14.47
      esbuild-linux-riscv64: 0.14.47
      esbuild-linux-s390x: 0.14.47
      esbuild-netbsd-64: 0.14.47
      esbuild-openbsd-64: 0.14.47
      esbuild-sunos-64: 0.14.47
      esbuild-windows-32: 0.14.47
      esbuild-windows-64: 0.14.47
      esbuild-windows-arm64: 0.14.47
    dev: true

  /escape-string-regexp/4.0.0:
    resolution: {integrity: sha512-TtpcNJ3XAzx3Gq8sWRzJaVajRs0uVxA2YAkdb1jm2YkPz4G6egUFAyA3n5vtEIZefPk5Wa4UXbKuS5fKkJWdgA==}
    engines: {node: '>=10'}
    dev: true

  /estree-walker/0.6.1:
    resolution: {integrity: sha512-SqmZANLWS0mnatqbSfRP5g8OXZC12Fgg1IwNtLsyHDzJizORW4khDfjPqJZsemPWBB2uqykUah5YpQ6epsqC/w==}
    dev: true

  /fsevents/2.3.2:
    resolution: {integrity: sha512-xiqMQR4xAeHTuB9uWm+fFRcIOgKBMiOBP+eXiyT7jsgVCq1bkVygt00oASowB7EdtpOHaaPgKt812P9ab+DDKA==}
    engines: {node: ^8.16.0 || ^10.6.0 || >=11.0.0}
    os: [darwin]
    requiresBuild: true
    dev: true
    optional: true

  /function-bind/1.1.1:
    resolution: {integrity: sha512-yIovAzMX49sF8Yl58fSCWJ5svSLuaibPxXQJFLmBObTuCr0Mf1KiPopGM9NiFjiYBCbfaa2Fh6breQ6ANVTI0A==}
    dev: true

  /get-func-name/2.0.0:
    resolution: {integrity: sha512-Hm0ixYtaSZ/V7C8FJrtZIuBBI+iSgL+1Aq82zSu8VQNB4S3Gk8e7Qs3VwBDJAhmRZcFqkl3tQu36g/Foh5I5ig==}
    dev: true

  /has/1.0.3:
    resolution: {integrity: sha512-f2dvO0VU6Oej7RkWJGrehjbzMAjFp5/VKPp5tTpWIV4JHHZK1/BxbFRtf/siA2SWTe09caDmVtYYzWEIbBS4zw==}
    engines: {node: '>= 0.4.0'}
    dependencies:
      function-bind: 1.1.1
    dev: true

  /html-rewriter-wasm/0.4.1:
    resolution: {integrity: sha512-lNovG8CMCCmcVB1Q7xggMSf7tqPCijZXaH4gL6iE8BFghdQCbaY5Met9i1x2Ex8m/cZHDUtXK9H6/znKamRP8Q==}
    dev: true

  /http-cache-semantics/4.1.0:
    resolution: {integrity: sha512-carPklcUh7ROWRK7Cv27RPtdhYhUsela/ue5/jKzjegVvXDqM2ILE9Q2BGn9JZJh1g87cp56su/FgQSzcWS8cQ==}
    dev: true

  /ignore/5.2.0:
    resolution: {integrity: sha512-CmxgYGiEPCLhfLnpPp1MoRmifwEIOgjcHXxOBjv7mY96c+eWScsOP9c112ZyLdWHi0FxHjI+4uVhKYp/gcdRmQ==}
    engines: {node: '>= 4'}
    dev: true

  /is-core-module/2.9.0:
    resolution: {integrity: sha512-+5FPy5PnwmO3lvfMb0AsoPaBG+5KHUI0wYFXOtYPnVVVspTFUuMZNfNaNVRt3FZadstu2c8x23vykRW/NBoU6A==}
    dependencies:
      has: 1.0.3
    dev: true

  /kleur/4.1.5:
    resolution: {integrity: sha512-o+NO+8WrRiQEE4/7nwRJhN1HWpVmJm511pBHUxPLtp0BUISzlBplORYSmTclCnJvQq2tKu/sgl3xVpkc7ZWuQQ==}
    engines: {node: '>=6'}
    dev: true

  /local-pkg/0.4.1:
    resolution: {integrity: sha512-lL87ytIGP2FU5PWwNDo0w3WhIo2gopIAxPg9RxDYF7m4rr5ahuZxP22xnJHIvaLTe4Z9P6uKKY2UHiwyB4pcrw==}
    engines: {node: '>=14'}
    dev: true

  /loupe/2.3.4:
    resolution: {integrity: sha512-OvKfgCC2Ndby6aSTREl5aCCPTNIzlDfQZvZxNUrBrihDhL3xcrYegTblhmEiCrg2kKQz4XsFIaemE5BF4ybSaQ==}
    dependencies:
      get-func-name: 2.0.0
    dev: true

  /magic-string/0.25.9:
    resolution: {integrity: sha512-RmF0AsMzgt25qzqqLc1+MbHmhdx0ojF2Fvs4XnOqz2ZOBXzzkEwc/dJQZCYHAn7v1jbVOjAZfK8msRn4BxO4VQ==}
    dependencies:
      sourcemap-codec: 1.4.8
    dev: true

  /mime/3.0.0:
    resolution: {integrity: sha512-jSCU7/VB1loIWBZe14aEYHU/+1UMEHoaO7qxCOVJOw9GgH72VAWppxNcjU+x9a2k3GSIBXNKxXQFqRvvZ7vr3A==}
    engines: {node: '>=10.0.0'}
    hasBin: true
    dev: true

  /miniflare/2.5.1:
    resolution: {integrity: sha512-PT56C/j7U6n7WDxnIUHu0d8EY/gedPRsta2b+LsrIHGZPSkxAcPzf2DgbbPU7obv0C4hT9H0GL1fWpWtr2SbDQ==}
    engines: {node: '>=16.7'}
    hasBin: true
    peerDependencies:
      '@miniflare/storage-redis': 2.5.1
      cron-schedule: ^3.0.4
      ioredis: ^4.27.9
    peerDependenciesMeta:
      '@miniflare/storage-redis':
        optional: true
      cron-schedule:
        optional: true
      ioredis:
        optional: true
    dependencies:
      '@miniflare/cache': 2.5.1
      '@miniflare/cli-parser': 2.5.1
      '@miniflare/core': 2.5.1
      '@miniflare/durable-objects': 2.5.1
      '@miniflare/html-rewriter': 2.5.1
      '@miniflare/http-server': 2.5.1
      '@miniflare/kv': 2.5.1
      '@miniflare/runner-vm': 2.5.1
      '@miniflare/scheduler': 2.5.1
      '@miniflare/shared': 2.5.1
      '@miniflare/sites': 2.5.1
      '@miniflare/storage-file': 2.5.1
      '@miniflare/storage-memory': 2.5.1
      '@miniflare/web-sockets': 2.5.1
      kleur: 4.1.5
      semiver: 1.1.0
      source-map-support: 0.5.21
      undici: 5.5.1
    transitivePeerDependencies:
      - bufferutil
      - utf-8-validate
    dev: true

  /ms/2.1.2:
    resolution: {integrity: sha512-sGkPx+VjMtmA6MX27oA4FBFELFCZZ4S4XqeGOXCv68tT+jb3vk/RyaKWP0PTKyWtmLSM0b+adUTEvbs1PEaH2w==}
    dev: true

  /mustache/4.2.0:
    resolution: {integrity: sha512-71ippSywq5Yb7/tVYyGbkBggbU8H3u5Rz56fH60jGFgr8uHwxs+aSKeqmluIVzM0m0kB7xQjKS6qPfd0b2ZoqQ==}
    hasBin: true
    dev: true

  /nanoid/3.3.4:
    resolution: {integrity: sha512-MqBkQh/OHTS2egovRtLk45wEyNXwF+cokD+1YPf9u5VfJiRdAiRwB2froX5Co9Rh20xs4siNPm8naNotSD6RBw==}
    engines: {node: ^10 || ^12 || ^13.7 || ^14 || >=15.0.1}
    hasBin: true
    dev: true

  /node-forge/1.3.1:
    resolution: {integrity: sha512-dPEtOeMvF9VMcYV/1Wb8CPoVAXtp6MKMlcbAt4ddqmGqUJ6fQZFXkNZNkNlfevtNkGtaSoXf/vNNNSvgrdXwtA==}
    engines: {node: '>= 6.13.0'}
    dev: true

  /path-parse/1.0.7:
    resolution: {integrity: sha512-LDJzPVEEEPR+y48z93A0Ed0yXb8pAByGWo/k5YYdYgpY2/2EsOsksJrq7lOHxryrVOn1ejG6oAp8ahvOIQD8sw==}
    dev: true

  /path-to-regexp/6.2.1:
    resolution: {integrity: sha512-JLyh7xT1kizaEvcaXOQwOc2/Yhw6KZOvPf1S8401UyLk86CU79LN3vl7ztXGm/pZ+YjoyAJ4rxmHwbkBXJX+yw==}
    dev: true

  /pathval/1.1.1:
    resolution: {integrity: sha512-Dp6zGqpTdETdR63lehJYPeIOqpiNBNtc7BpWSLrOje7UaIsE5aY92r/AunQA7rsXvet3lrJ3JnZX29UPTKXyKQ==}
    dev: true

  /picocolors/1.0.0:
    resolution: {integrity: sha512-1fygroTLlHu66zi26VoTDv8yRgm0Fccecssto+MhsZ0D/DGW2sm8E8AjW7NU5VVTRt5GxbeZ5qBuJr+HyLYkjQ==}
    dev: true

  /postcss/8.4.14:
    resolution: {integrity: sha512-E398TUmfAYFPBSdzgeieK2Y1+1cpdxJx8yXbK/m57nRhKSmk1GB2tO4lbLBtlkfPQTDKfe4Xqv1ASWPpayPEig==}
    engines: {node: ^10 || ^12 || >=14}
    dependencies:
      nanoid: 3.3.4
      picocolors: 1.0.0
      source-map-js: 1.0.2
    dev: true

  /resolve/1.22.1:
    resolution: {integrity: sha512-nBpuuYuY5jFsli/JIs1oldw6fOQCBioohqWZg/2hiaOybXOft4lonv85uDOKXdf8rhyK159cxU5cDcK/NKk8zw==}
    hasBin: true
    dependencies:
      is-core-module: 2.9.0
      path-parse: 1.0.7
      supports-preserve-symlinks-flag: 1.0.0
    dev: true

  /rollup-plugin-inject/3.0.2:
    resolution: {integrity: sha512-ptg9PQwzs3orn4jkgXJ74bfs5vYz1NCZlSQMBUA0wKcGp5i5pA1AO3fOUEte8enhGUC+iapTCzEWw2jEFFUO/w==}
    deprecated: This package has been deprecated and is no longer maintained. Please use @rollup/plugin-inject.
    dependencies:
      estree-walker: 0.6.1
      magic-string: 0.25.9
      rollup-pluginutils: 2.8.2
    dev: true

  /rollup-plugin-node-polyfills/0.2.1:
    resolution: {integrity: sha512-4kCrKPTJ6sK4/gLL/U5QzVT8cxJcofO0OU74tnB19F40cmuAKSzH5/siithxlofFEjwvw1YAhPmbvGNA6jEroA==}
    dependencies:
      rollup-plugin-inject: 3.0.2
    dev: true

  /rollup-pluginutils/2.8.2:
    resolution: {integrity: sha512-EEp9NhnUkwY8aif6bxgovPHMoMoNr2FulJziTndpt5H9RdwC47GSGuII9XxpSdzVGM0GWrNPHV6ie1LTNJPaLQ==}
    dependencies:
      estree-walker: 0.6.1
    dev: true

  /rollup/2.75.7:
    resolution: {integrity: sha512-VSE1iy0eaAYNCxEXaleThdFXqZJ42qDBatAwrfnPlENEZ8erQ+0LYX4JXOLPceWfZpV1VtZwZ3dFCuOZiSyFtQ==}
    engines: {node: '>=10.0.0'}
    hasBin: true
    optionalDependencies:
      fsevents: 2.3.2
    dev: true

  /selfsigned/2.0.1:
    resolution: {integrity: sha512-LmME957M1zOsUhG+67rAjKfiWFox3SBxE/yymatMZsAx+oMrJ0YQ8AToOnyCm7xbeg2ep37IHLxdu0o2MavQOQ==}
    engines: {node: '>=10'}
    dependencies:
      node-forge: 1.3.1
    dev: true

  /semiver/1.1.0:
    resolution: {integrity: sha512-QNI2ChmuioGC1/xjyYwyZYADILWyW6AmS1UH6gDj/SFUUUS4MBAWs/7mxnkRPc/F4iHezDP+O8t0dO8WHiEOdg==}
    engines: {node: '>=6'}
    dev: true

  /set-cookie-parser/2.5.0:
    resolution: {integrity: sha512-cHMAtSXilfyBePduZEBVPTCftTQWz6ehWJD5YNUg4mqvRosrrjKbo4WS8JkB0/RxonMoohHm7cOGH60mDkRQ9w==}
    dev: true

  /source-map-js/1.0.2:
    resolution: {integrity: sha512-R0XvVJ9WusLiqTCEiGCmICCMplcCkIwwR11mOSD9CR5u+IXYdiseeEuXCVAjS54zqwkLcPNnmU4OeJ6tUrWhDw==}
    engines: {node: '>=0.10.0'}
    dev: true

  /source-map-support/0.5.21:
    resolution: {integrity: sha512-uBHU3L3czsIyYXKX88fdrGovxdSCoTGDRZ6SYXtSRxLZUzHg5P/66Ht6uoUlHu9EZod+inXhKo3qQgwXUT/y1w==}
    dependencies:
      buffer-from: 1.1.2
      source-map: 0.6.1
    dev: true

  /source-map/0.6.1:
    resolution: {integrity: sha512-UjgapumWlbMhkBgzT7Ykc5YXUT46F0iKu8SGXq0bcwP5dz/h0Plj6enJqjz1Zbq2l5WaqYnrVbwWOWMyF3F47g==}
    engines: {node: '>=0.10.0'}
    dev: true

  /sourcemap-codec/1.4.8:
    resolution: {integrity: sha512-9NykojV5Uih4lgo5So5dtw+f0JgJX30KCNI8gwhz2J9A15wD0Ml6tjHKwf6fTSa6fAdVBdZeNOs9eJ71qCk8vA==}
    dev: true

  /stack-trace/0.0.10:
    resolution: {integrity: sha512-KGzahc7puUKkzyMt+IqAep+TVNbKP+k2Lmwhub39m1AsTSkaDutx56aDCo+HLDzf/D26BIHTJWNiTG1KAJiQCg==}
    dev: true

  /streamsearch/1.1.0:
    resolution: {integrity: sha512-Mcc5wHehp9aXz1ax6bZUyY5afg9u2rv5cqQI3mRrYkGC8rW2hM02jWuwjtL++LS5qinSyhj2QfLyNsuc+VsExg==}
    engines: {node: '>=10.0.0'}
    dev: true

  /supports-preserve-symlinks-flag/1.0.0:
    resolution: {integrity: sha512-ot0WnXS9fgdkgIcePe6RHNk1WA8+muPa6cSjeR3V8K27q9BB1rTE3R1p7Hv0z1ZyAc8s6Vvv8DIyWf681MAt0w==}
    engines: {node: '>= 0.4'}
    dev: true

  /tinypool/0.1.3:
    resolution: {integrity: sha512-2IfcQh7CP46XGWGGbdyO4pjcKqsmVqFAPcXfPxcPXmOWt9cYkTP9HcDmGgsfijYoAEc4z9qcpM/BaBz46Y9/CQ==}
    engines: {node: '>=14.0.0'}
    dev: true

  /tinyspy/0.3.3:
    resolution: {integrity: sha512-gRiUR8fuhUf0W9lzojPf1N1euJYA30ISebSfgca8z76FOvXtVXqd5ojEIaKLWbDQhAaC3ibxZIjqbyi4ybjcTw==}
    engines: {node: '>=14.0.0'}
    dev: true

  /tslib/2.4.0:
    resolution: {integrity: sha512-d6xOpEDfsi2CZVlPQzGeux8XMwLT9hssAsaPYExaQMuYskwb+x1x7J371tWlbBdWHroy99KnVB6qIkUbs5X3UQ==}
    dev: false

  /type-detect/4.0.8:
    resolution: {integrity: sha512-0fr/mIH1dlO+x7TlcMy+bIDqKPsw/70tVyeHW787goQjhmqaZe10uwLujubK9q9Lg6Fiho1KUKDYz0Z7k7g5/g==}
    engines: {node: '>=4'}
    dev: true

  /undici/5.5.1:
    resolution: {integrity: sha512-MEvryPLf18HvlCbLSzCW0U00IMftKGI5udnjrQbC5D4P0Hodwffhv+iGfWuJwg16Y/TK11ZFK8i+BPVW2z/eAw==}
    engines: {node: '>=12.18'}
    dev: true

  /urlpattern-polyfill/4.0.3:
    resolution: {integrity: sha512-DOE84vZT2fEcl9gqCUTcnAw5ZY5Id55ikUcziSUntuEFL3pRvavg5kwDmTEUJkeCHInTlV/HexFomgYnzO5kdQ==}
    dev: true

  /vite/2.9.13:
    resolution: {integrity: sha512-AsOBAaT0AD7Mhe8DuK+/kE4aWYFMx/i0ZNi98hJclxb4e0OhQcZYUrvLjIaQ8e59Ui7txcvKMiJC1yftqpQoDw==}
    engines: {node: '>=12.2.0'}
    hasBin: true
    peerDependencies:
      less: '*'
      sass: '*'
      stylus: '*'
    peerDependenciesMeta:
      less:
        optional: true
      sass:
        optional: true
      stylus:
        optional: true
    dependencies:
      esbuild: 0.14.47
      postcss: 8.4.14
      resolve: 1.22.1
      rollup: 2.75.7
    optionalDependencies:
      fsevents: 2.3.2
    dev: true

  /vitest/0.15.2:
    resolution: {integrity: sha512-cMabuUqu+nNHafkdN7H8Z20+UZTrrUfqjGwAoLwUwrqFGWBz3gXwxndjbLf6mgSFs9lF/JWjKeNM1CXKwtk26w==}
    engines: {node: '>=v14.16.0'}
    hasBin: true
    peerDependencies:
      '@vitest/ui': '*'
      c8: '*'
      happy-dom: '*'
      jsdom: '*'
    peerDependenciesMeta:
      '@vitest/ui':
        optional: true
      c8:
        optional: true
      happy-dom:
        optional: true
      jsdom:
        optional: true
    dependencies:
      '@types/chai': 4.3.1
      '@types/chai-subset': 1.3.3
      '@types/node': 18.0.0
      chai: 4.3.6
      debug: 4.3.4
      local-pkg: 0.4.1
      tinypool: 0.1.3
      tinyspy: 0.3.3
      vite: 2.9.13
    transitivePeerDependencies:
      - less
      - sass
      - stylus
      - supports-color
    dev: true

  /wrangler/2.0.15:
    resolution: {integrity: sha512-iBigg/qR1U74wJSR81njVNG69h/tcAGxXoBS1iKeLu1WIhTR/jfBbZdXWcspgkFaex4J6roJnhbFNy7Ob7caUA==}
    engines: {node: '>=16.7.0'}
    hasBin: true
    dependencies:
      '@cloudflare/kv-asset-handler': 0.2.0
      '@esbuild-plugins/node-globals-polyfill': 0.1.1_esbuild@0.14.34
      '@esbuild-plugins/node-modules-polyfill': 0.1.4_esbuild@0.14.34
      blake3-wasm: 2.1.5
      esbuild: 0.14.34
      miniflare: 2.5.1
      nanoid: 3.3.4
      path-to-regexp: 6.2.1
      selfsigned: 2.0.1
      semiver: 1.1.0
      xxhash-wasm: 1.0.1
    optionalDependencies:
      fsevents: 2.3.2
    transitivePeerDependencies:
      - '@miniflare/storage-redis'
      - bufferutil
      - cron-schedule
      - ioredis
      - utf-8-validate
    dev: true

  /ws/8.8.0:
    resolution: {integrity: sha512-JDAgSYQ1ksuwqfChJusw1LSJ8BizJ2e/vVu5Lxjq3YvNJNlROv1ui4i+c/kUUrPheBvQl4c5UbERhTwKa6QBJQ==}
    engines: {node: '>=10.0.0'}
    peerDependencies:
      bufferutil: ^4.0.1
      utf-8-validate: ^5.0.2
    peerDependenciesMeta:
      bufferutil:
        optional: true
      utf-8-validate:
        optional: true
    dev: true

  /xxhash-wasm/1.0.1:
    resolution: {integrity: sha512-Lc9CTvDrH2vRoiaUzz25q7lRaviMhz90pkx6YxR9EPYtF99yOJnv2cB+CQ0hp/TLoqrUsk8z/W2EN31T568Azw==}
    dev: true

  /youch/2.2.2:
    resolution: {integrity: sha512-/FaCeG3GkuJwaMR34GHVg0l8jCbafZLHiFowSjqLlqhC6OMyf2tPJBu8UirF7/NI9X/R5ai4QfEKUCOxMAGxZQ==}
    dependencies:
      '@types/stack-trace': 0.0.29
      cookie: 0.4.2
      mustache: 4.2.0
      stack-trace: 0.0.10
    dev: true

  /zod/3.17.3:
    resolution: {integrity: sha512-4oKP5zvG6GGbMlqBkI5FESOAweldEhSOZ6LI6cG+JzUT7ofj1ZOC0PJudpQOpT1iqOFpYYtX5Pw0+o403y4bcg==}
    dev: false
